
Microsoft Visual Studio Solution File, Format Version 12.00
Project("{FAE04EC0-301F-11D3-BF4B-00C04F79EFBC}") = "BuildingBlocks", "BuildingBlocks\BuildingBlocks.csproj", "{07BE297C-2B28-4E70-8D8F-5B142DB909D6}"
EndProject
Project("{FAE04EC0-301F-11D3-BF4B-00C04F79EFBC}") = "BuildingBlocks.Ussd", "BuildingBlocks.Ussd\BuildingBlocks.Ussd.csproj", "{FA4BD2A2-35E8-4711-BA7C-A0E2AD79F504}"
EndProject
Project("{FAE04EC0-301F-11D3-BF4B-00C04F79EFBC}") = "BuildingBlocks.Ldap", "BuildingBlocks.Ldap\BuildingBlocks.Ldap.csproj", "{90437BC4-C939-4006-95B3-56EFDDEDC5B1}"
EndProject
Project("{FAE04EC0-301F-11D3-BF4B-00C04F79EFBC}") = "BuildingBlocks.Exceptions", "BuildingBlocks.Exceptions\BuildingBlocks.Exceptions.csproj", "{6FFCE13A-B7A4-4DA4-8A12-F4AC42E08314}"
EndProject
Project("{FAE04EC0-301F-11D3-BF4B-00C04F79EFBC}") = "BuildingBlocks.Ussd.Sdk", "BuildingBlocks.Ussd.Sdk\BuildingBlocks.Ussd.Sdk.csproj", "{B2C15FCC-5D11-4B60-9F5B-BDF4DB3EEBB5}"
EndProject
Project("{FAE04EC0-301F-11D3-BF4B-00C04F79EFBC}") = "BuildingBlocks.Persistence", "BuildingBlocks.Persistence\BuildingBlocks.Persistence.csproj", "{90C61690-41CD-4523-B981-ADC9A510104F}"
EndProject
Global
	GlobalSection(SolutionConfigurationPlatforms) = preSolution
		Debug|Any CPU = Debug|Any CPU
		Release|Any CPU = Release|Any CPU
	EndGlobalSection
	GlobalSection(ProjectConfigurationPlatforms) = postSolution
		{07BE297C-2B28-4E70-8D8F-5B142DB909D6}.Debug|Any CPU.ActiveCfg = Debug|Any CPU
		{07BE297C-2B28-4E70-8D8F-5B142DB909D6}.Debug|Any CPU.Build.0 = Debug|Any CPU
		{07BE297C-2B28-4E70-8D8F-5B142DB909D6}.Release|Any CPU.ActiveCfg = Release|Any CPU
		{07BE297C-2B28-4E70-8D8F-5B142DB909D6}.Release|Any CPU.Build.0 = Release|Any CPU
		{FA4BD2A2-35E8-4711-BA7C-A0E2AD79F504}.Debug|Any CPU.ActiveCfg = Debug|Any CPU
		{FA4BD2A2-35E8-4711-BA7C-A0E2AD79F504}.Debug|Any CPU.Build.0 = Debug|Any CPU
		{FA4BD2A2-35E8-4711-BA7C-A0E2AD79F504}.Release|Any CPU.ActiveCfg = Release|Any CPU
		{FA4BD2A2-35E8-4711-BA7C-A0E2AD79F504}.Release|Any CPU.Build.0 = Release|Any CPU
		{90437BC4-C939-4006-95B3-56EFDDEDC5B1}.Debug|Any CPU.ActiveCfg = Debug|Any CPU
		{90437BC4-C939-4006-95B3-56EFDDEDC5B1}.Debug|Any CPU.Build.0 = Debug|Any CPU
		{90437BC4-C939-4006-95B3-56EFDDEDC5B1}.Release|Any CPU.ActiveCfg = Release|Any CPU
		{90437BC4-C939-4006-95B3-56EFDDEDC5B1}.Release|Any CPU.Build.0 = Release|Any CPU
		{6FFCE13A-B7A4-4DA4-8A12-F4AC42E08314}.Debug|Any CPU.ActiveCfg = Debug|Any CPU
		{6FFCE13A-B7A4-4DA4-8A12-F4AC42E08314}.Debug|Any CPU.Build.0 = Debug|Any CPU
		{6FFCE13A-B7A4-4DA4-8A12-F4AC42E08314}.Release|Any CPU.ActiveCfg = Release|Any CPU
		{6FFCE13A-B7A4-4DA4-8A12-F4AC42E08314}.Release|Any CPU.Build.0 = Release|Any CPU
		{B2C15FCC-5D11-4B60-9F5B-BDF4DB3EEBB5}.Debug|Any CPU.ActiveCfg = Debug|Any CPU
		{B2C15FCC-5D11-4B60-9F5B-BDF4DB3EEBB5}.Debug|Any CPU.Build.0 = Debug|Any CPU
		{B2C15FCC-5D11-4B60-9F5B-BDF4DB3EEBB5}.Release|Any CPU.ActiveCfg = Release|Any CPU
		{B2C15FCC-5D11-4B60-9F5B-BDF4DB3EEBB5}.Release|Any CPU.Build.0 = Release|Any CPU
		{90C61690-41CD-4523-B981-ADC9A510104F}.Debug|Any CPU.ActiveCfg = Debug|Any CPU
		{90C61690-41CD-4523-B981-ADC9A510104F}.Debug|Any CPU.Build.0 = Debug|Any CPU
		{90C61690-41CD-4523-B981-ADC9A510104F}.Release|Any CPU.ActiveCfg = Release|Any CPU
		{90C61690-41CD-4523-B981-ADC9A510104F}.Release|Any CPU.Build.0 = Release|Any CPU
	EndGlobalSection
EndGlobal
